{
  "name": "chaaya",
  "version": "0.0.2",
  "lockfileVersion": 1,
  "requires": true,
  "dependencies": {
    "arg": {
      "version": "5.0.1",
      "resolved": "https://registry.npmjs.org/arg/-/arg-5.0.1.tgz",
      "integrity": "sha512-e0hDa9H2Z9AwFkk2qDlwhoMYE4eToKarchkQHovNdLTCYMHZHeRjI71crOh+dio4K6u1IcwubQqo79Ga4CyAQA=="
    },
    "symmetra": {
      "version": "0.0.5",
      "resolved": "https://registry.npmjs.org/symmetra/-/symmetra-0.0.5.tgz",
      "integrity": "sha512-8VQKXtZQlG3NJjBw8+hwdG4yc4aZGgKUSPUzfkQcgdkwUcVRvTSG8XwcQYd2uDUMlCbxhmPHW4Wo/iPXeWvRhA=="
    }
  }
}
