{
  "name": "chaaya",
  "version": "0.0.2",
  "lockfileVersion": 2,
  "requires": true,
  "packages": {
    "": {
      "name": "chaaya",
      "version": "0.0.2",
      "license": "ISC",
      "dependencies": {
        "arg": "^5.0.1",
        "symmetra": "0.0.5"
      },
      "bin": {
        "chaaya": "bin/chaaya"
      },
      "devDependencies": {
        "@types/node": "^17.0.0"
      }
    },
    "node_modules/@types/node": {
      "version": "17.0.0",
      "resolved": "https://registry.npmjs.org/@types/node/-/node-17.0.0.tgz",
      "integrity": "sha512-eMhwJXc931Ihh4tkU+Y7GiLzT/y/DBNpNtr4yU9O2w3SYBsr9NaOPhQlLKRmoWtI54uNwuo0IOUFQjVOTZYRvw==",
      "dev": true
    },
    "node_modules/arg": {
      "version": "5.0.1",
      "resolved": "https://registry.npmjs.org/arg/-/arg-5.0.1.tgz",
      "integrity": "sha512-e0hDa9H2Z9AwFkk2qDlwhoMYE4eToKarchkQHovNdLTCYMHZHeRjI71crOh+dio4K6u1IcwubQqo79Ga4CyAQA=="
    },
    "node_modules/symmetra": {
      "version": "0.0.5",
      "resolved": "https://registry.npmjs.org/symmetra/-/symmetra-0.0.5.tgz",
      "integrity": "sha512-8VQKXtZQlG3NJjBw8+hwdG4yc4aZGgKUSPUzfkQcgdkwUcVRvTSG8XwcQYd2uDUMlCbxhmPHW4Wo/iPXeWvRhA=="
    }
  },
  "dependencies": {
    "@types/node": {
      "version": "17.0.0",
      "resolved": "https://registry.npmjs.org/@types/node/-/node-17.0.0.tgz",
      "integrity": "sha512-eMhwJXc931Ihh4tkU+Y7GiLzT/y/DBNpNtr4yU9O2w3SYBsr9NaOPhQlLKRmoWtI54uNwuo0IOUFQjVOTZYRvw==",
      "dev": true
    },
    "arg": {
      "version": "5.0.1",
      "resolved": "https://registry.npmjs.org/arg/-/arg-5.0.1.tgz",
      "integrity": "sha512-e0hDa9H2Z9AwFkk2qDlwhoMYE4eToKarchkQHovNdLTCYMHZHeRjI71crOh+dio4K6u1IcwubQqo79Ga4CyAQA=="
    },
    "symmetra": {
      "version": "0.0.5",
      "resolved": "https://registry.npmjs.org/symmetra/-/symmetra-0.0.5.tgz",
      "integrity": "sha512-8VQKXtZQlG3NJjBw8+hwdG4yc4aZGgKUSPUzfkQcgdkwUcVRvTSG8XwcQYd2uDUMlCbxhmPHW4Wo/iPXeWvRhA=="
    }
  }
}
